<?xml version="1.0" encoding="utf-8"?>
<Project ToolsVersion="4.0" xmlns="http://schemas.microsoft.com/developer/msbuild/2003">
  <ItemGroup>
    <Filter Include="Hash">
      <UniqueIdentifier>{0b77a687-f41b-4d63-9697-656670b91461}</UniqueIdentifier>
    </Filter>
    <Filter Include="RSA">
      <UniqueIdentifier>{1195770f-4680-4b3e-a199-a14714168e5f}</UniqueIdentifier>
    </Filter>
    <Filter Include="Exception">
      <UniqueIdentifier>{98651e64-07dc-428d-98cc-d75111707c7d}</UniqueIdentifier>
    </Filter>
    <Filter Include="DES">
      <UniqueIdentifier>{a8da699a-0947-4874-a3ab-9aac4eeeadb3}</UniqueIdentifier>
    </Filter>
  </ItemGroup>
  <ItemGroup>
    <ClCompile Include="Hash.cpp">
      <Filter>Hash</Filter>
    </ClCompile>
    <ClCompile Include="RSA.cpp">
      <Filter>RSA</Filter>
    </ClCompile>
    <ClCompile Include="Exception.cpp">
      <Filter>Exception</Filter>
    </ClCompile>
    <ClCompile Include="DES.cpp">
      <Filter>DES</Filter>
    </ClCompile>
  </ItemGroup>
  <ItemGroup>
    <ClInclude Include="Hash.h">
      <Filter>Hash</Filter>
    </ClInclude>
    <ClInclude Include="RSA.h">
      <Filter>RSA</Filter>
    </ClInclude>
    <ClInclude Include="Exception.h">
      <Filter>Exception</Filter>
    </ClInclude>
    <ClInclude Include="DES.h">
      <Filter>DES</Filter>
    </ClInclude>
  </ItemGroup>
</Project>